
Microsoft Visual Studio Solution File, Format Version 12.00
# Visual Studio Version 17
VisualStudioVersion = 17.9.34723.18
MinimumVisualStudioVersion = 10.0.40219.1
Project("{FAE04EC0-301F-11D3-BF4B-00C04F79EFBC}") = "Steuerbetrag", "Steuerbetrag\Steuerbetrag.csproj", "{747D2297-142F-4A10-A576-88FCC45DD09F}"
EndProject
Global
	GlobalSection(SolutionConfigurationPlatforms) = preSolution
		Debug|Any CPU = Debug|Any CPU
		Release|Any CPU = Release|Any CPU
	EndGlobalSection
	GlobalSection(ProjectConfigurationPlatforms) = postSolution
		{747D2297-142F-4A10-A576-88FCC45DD09F}.Debug|Any CPU.ActiveCfg = Debug|Any CPU
		{747D2297-142F-4A10-A576-88FCC45DD09F}.Debug|Any CPU.Build.0 = Debug|Any CPU
		{747D2297-142F-4A10-A576-88FCC45DD09F}.Release|Any CPU.ActiveCfg = Release|Any CPU
		{747D2297-142F-4A10-A576-88FCC45DD09F}.Release|Any CPU.Build.0 = Release|Any CPU
	EndGlobalSection
	GlobalSection(SolutionProperties) = preSolution
		HideSolutionNode = FALSE
	EndGlobalSection
	GlobalSection(ExtensibilityGlobals) = postSolution
		SolutionGuid = {490D935F-A9C3-469F-99D9-F37B28253A25}
	EndGlobalSection
EndGlobal
